
Microsoft Visual Studio Solution File, Format Version 12.00
# Visual Studio Version 17
VisualStudioVersion = 17.9.34902.65
MinimumVisualStudioVersion = 10.0.40219.1
Project("{FAE04EC0-301F-11D3-BF4B-00C04F79EFBC}") = "MyPages", "MyPages\MyPages.csproj", "{369C4547-EE49-48DA-A650-A09BFD09FFBA}"
EndProject
Project("{FAE04EC0-301F-11D3-BF4B-00C04F79EFBC}") = "SAWDAL", "..\SAWDAL\SAWDAL.csproj", "{42561031-0666-4B80-9ED9-86293D7C04C3}"
EndProject
Global
	GlobalSection(SolutionConfigurationPlatforms) = preSolution
		Debug|Any CPU = Debug|Any CPU
		Release|Any CPU = Release|Any CPU
	EndGlobalSection
	GlobalSection(ProjectConfigurationPlatforms) = postSolution
		{369C4547-EE49-48DA-A650-A09BFD09FFBA}.Debug|Any CPU.ActiveCfg = Debug|Any CPU
		{369C4547-EE49-48DA-A650-A09BFD09FFBA}.Debug|Any CPU.Build.0 = Debug|Any CPU
		{369C4547-EE49-48DA-A650-A09BFD09FFBA}.Release|Any CPU.ActiveCfg = Release|Any CPU
		{369C4547-EE49-48DA-A650-A09BFD09FFBA}.Release|Any CPU.Build.0 = Release|Any CPU
		{42561031-0666-4B80-9ED9-86293D7C04C3}.Debug|Any CPU.ActiveCfg = Debug|Any CPU
		{42561031-0666-4B80-9ED9-86293D7C04C3}.Debug|Any CPU.Build.0 = Debug|Any CPU
		{42561031-0666-4B80-9ED9-86293D7C04C3}.Release|Any CPU.ActiveCfg = Release|Any CPU
		{42561031-0666-4B80-9ED9-86293D7C04C3}.Release|Any CPU.Build.0 = Release|Any CPU
	EndGlobalSection
	GlobalSection(SolutionProperties) = preSolution
		HideSolutionNode = FALSE
	EndGlobalSection
	GlobalSection(ExtensibilityGlobals) = postSolution
		SolutionGuid = {00F52297-4452-4C58-BA7B-E482763B38B2}
	EndGlobalSection
EndGlobal
